
Microsoft Visual Studio Solution File, Format Version 12.00
# Visual Studio Version 17
VisualStudioVersion = 17.11.35312.102
MinimumVisualStudioVersion = 10.0.40219.1
Project("{FAE04EC0-301F-11D3-BF4B-00C04F79EFBC}") = "controle_estoque_sz", "controle_estoque_sz\controle_estoque_sz.csproj", "{65939829-5E84-456C-AC18-206F36E3B4B1}"
EndProject
Global
	GlobalSection(SolutionConfigurationPlatforms) = preSolution
		Debug|Any CPU = Debug|Any CPU
		Release|Any CPU = Release|Any CPU
	EndGlobalSection
	GlobalSection(ProjectConfigurationPlatforms) = postSolution
		{65939829-5E84-456C-AC18-206F36E3B4B1}.Debug|Any CPU.ActiveCfg = Debug|Any CPU
		{65939829-5E84-456C-AC18-206F36E3B4B1}.Debug|Any CPU.Build.0 = Debug|Any CPU
		{65939829-5E84-456C-AC18-206F36E3B4B1}.Release|Any CPU.ActiveCfg = Release|Any CPU
		{65939829-5E84-456C-AC18-206F36E3B4B1}.Release|Any CPU.Build.0 = Release|Any CPU
	EndGlobalSection
	GlobalSection(SolutionProperties) = preSolution
		HideSolutionNode = FALSE
	EndGlobalSection
	GlobalSection(ExtensibilityGlobals) = postSolution
		SolutionGuid = {ACFCA6E3-0674-4337-8963-DD504072D55F}
	EndGlobalSection
EndGlobal
